// !$*UTF8*$!
{
	archiveVersion = 1;
	classes = {
	};
	objectVersion = 55;
	objects = {

/* Begin PBXBuildFile section */
		DF48F45A2BCECCF900BE2891 /* MeMawwApp.swift in Sources */ = {isa = PBXBuildFile; fileRef = DF48F4592BCECCF900BE2891 /* MeMawwApp.swift */; };
		DF48F45C2BCECCF900BE2891 /* ContentView.swift in Sources */ = {isa = PBXBuildFile; fileRef = DF48F45B2BCECCF900BE2891 /* ContentView.swift */; };
		DF48F45E2BCECD0000BE2891 /* Assets.xcassets in Resources */ = {isa = PBXBuildFile; fileRef = DF48F45D2BCECD0000BE2891 /* Assets.xcassets */; };
		DF48F4612BCECD0000BE2891 /* Preview Assets.xcassets in Resources */ = {isa = PBXBuildFile; fileRef = DF48F4602BCECD0000BE2891 /* Preview Assets.xcassets */; };
		DF9F9F742BD66AFC00111DFD /* TitleRow.swift in Sources */ = {isa = PBXBuildFile; fileRef = DF9F9F732BD66AFC00111DFD /* TitleRow.swift */; };
		DF9F9F762BD66BC200111DFD /* Message.swift in Sources */ = {isa = PBXBuildFile; fileRef = DF9F9F752BD66BC200111DFD /* Message.swift */; };
		DF9F9F782BD66C3300111DFD /* MessageBubble.swift in Sources */ = {isa = PBXBuildFile; fileRef = DF9F9F772BD66C3300111DFD /* MessageBubble.swift */; };
		DF9F9F7A2BD66DF400111DFD /* Extensions.swift in Sources */ = {isa = PBXBuildFile; fileRef = DF9F9F792BD66DF400111DFD /* Extensions.swift */; };
		DF9F9F7D2BD66EC100111DFD /* MessageField.swift in Sources */ = {isa = PBXBuildFile; fileRef = DF9F9F7C2BD66EC100111DFD /* MessageField.swift */; };
		DF9F9F7F2BD672A000111DFD /* MessagesManager.swift in Sources */ = {isa = PBXBuildFile; fileRef = DF9F9F7E2BD672A000111DFD /* MessagesManager.swift */; };
		DF9F9F812BD67DAF00111DFD /* StartOrderView.swift in Sources */ = {isa = PBXBuildFile; fileRef = DF9F9F802BD67DAF00111DFD /* StartOrderView.swift */; };
		DF9F9F852BD6897300111DFD /* MessageData.swift in Sources */ = {isa = PBXBuildFile; fileRef = DF9F9F842BD6897300111DFD /* MessageData.swift */; };
		DF9F9F872BD9200300111DFD /* FinalPriceView.swift in Sources */ = {isa = PBXBuildFile; fileRef = DF9F9F862BD9200300111DFD /* FinalPriceView.swift */; };
		DF9F9F892BD9235D00111DFD /* FinalPriceListItemView.swift in Sources */ = {isa = PBXBuildFile; fileRef = DF9F9F882BD9235D00111DFD /* FinalPriceListItemView.swift */; };
		DFB783CE2BCFC58D00AB4252 /* SliderCardView.swift in Sources */ = {isa = PBXBuildFile; fileRef = DFB783CD2BCFC58D00AB4252 /* SliderCardView.swift */; };
		DFB783D12BCFC62B00AB4252 /* SliderModel.swift in Sources */ = {isa = PBXBuildFile; fileRef = DFB783D02BCFC62B00AB4252 /* SliderModel.swift */; };
		DFB783D32BCFC6BE00AB4252 /* SliderData.swift in Sources */ = {isa = PBXBuildFile; fileRef = DFB783D22BCFC6BE00AB4252 /* SliderData.swift */; };
		DFB783D52BCFC74C00AB4252 /* StartButtonView.swift in Sources */ = {isa = PBXBuildFile; fileRef = DFB783D42BCFC74C00AB4252 /* StartButtonView.swift */; };
		DFB783D72BCFC86600AB4252 /* OnboardingView.swift in Sources */ = {isa = PBXBuildFile; fileRef = DFB783D62BCFC86600AB4252 /* OnboardingView.swift */; };
		DFB783DC2BCFCBE800AB4252 /* splashfont.ttf in Resources */ = {isa = PBXBuildFile; fileRef = DFB783DB2BCFCBE800AB4252 /* splashfont.ttf */; };
		DFB783E12BCFCE3000AB4252 /* SwiftyJSON in Frameworks */ = {isa = PBXBuildFile; productRef = DFB783E02BCFCE3000AB4252 /* SwiftyJSON */; };
		DFB783E42BCFCEA900AB4252 /* KeyboardGuardian.swift in Sources */ = {isa = PBXBuildFile; fileRef = DFB783E32BCFCEA900AB4252 /* KeyboardGuardian.swift */; };
		DFB783E62BCFCECA00AB4252 /* KeyboardHost.swift in Sources */ = {isa = PBXBuildFile; fileRef = DFB783E52BCFCECA00AB4252 /* KeyboardHost.swift */; };
		DFB783E82BCFCEE400AB4252 /* GeometryGetter.swift in Sources */ = {isa = PBXBuildFile; fileRef = DFB783E72BCFCEE400AB4252 /* GeometryGetter.swift */; };
		DFB783EA2BCFCEFA00AB4252 /* AdaptsToKeyboard.swift in Sources */ = {isa = PBXBuildFile; fileRef = DFB783E92BCFCEFA00AB4252 /* AdaptsToKeyboard.swift */; };
		DFB783EC2BCFD13F00AB4252 /* SignupView.swift in Sources */ = {isa = PBXBuildFile; fileRef = DFB783EB2BCFD13F00AB4252 /* SignupView.swift */; };
		DFB783EE2BCFD28000AB4252 /* MainView.swift in Sources */ = {isa = PBXBuildFile; fileRef = DFB783ED2BCFD28000AB4252 /* MainView.swift */; };
		DFB783F02BCFD33000AB4252 /* OrdersView.swift in Sources */ = {isa = PBXBuildFile; fileRef = DFB783EF2BCFD33000AB4252 /* OrdersView.swift */; };
		DFB783F22BCFF83300AB4252 /* PickerTextField.swift in Sources */ = {isa = PBXBuildFile; fileRef = DFB783F12BCFF83300AB4252 /* PickerTextField.swift */; };
		DFB783F42BCFF87600AB4252 /* SignupActionTextsViews.swift in Sources */ = {isa = PBXBuildFile; fileRef = DFB783F32BCFF87600AB4252 /* SignupActionTextsViews.swift */; };
		DFBEB8892BFC6D190049C10B /* TrackProgressView.swift in Sources */ = {isa = PBXBuildFile; fileRef = DFBEB8882BFC6D190049C10B /* TrackProgressView.swift */; };
		DFBEB88B2BFCDF500049C10B /* CallBackRequestView.swift in Sources */ = {isa = PBXBuildFile; fileRef = DFBEB88A2BFCDF500049C10B /* CallBackRequestView.swift */; };
		DFBEB8962BFE2EE40049C10B /* TheTellerCheckout.framework in Frameworks */ = {isa = PBXBuildFile; fileRef = DFBEB8932BFE2E970049C10B /* TheTellerCheckout.framework */; };
		DFBEB8972BFE2EE40049C10B /* TheTellerCheckout.framework in Embed Frameworks */ = {isa = PBXBuildFile; fileRef = DFBEB8932BFE2E970049C10B /* TheTellerCheckout.framework */; settings = {ATTRIBUTES = (CodeSignOnCopy, RemoveHeadersOnCopy, ); }; };
		DFDFA8082BD2889500C92D9A /* ContactUsView.swift in Sources */ = {isa = PBXBuildFile; fileRef = DFDFA8072BD2889500C92D9A /* ContactUsView.swift */; };
		DFDFA80A2BD295AE00C92D9A /* ProfileView.swift in Sources */ = {isa = PBXBuildFile; fileRef = DFDFA8092BD295AE00C92D9A /* ProfileView.swift */; };
		DFDFA80C2BD2960E00C92D9A /* SettingsRowView.swift in Sources */ = {isa = PBXBuildFile; fileRef = DFDFA80B2BD2960E00C92D9A /* SettingsRowView.swift */; };
		DFDFA80E2BD296F400C92D9A /* SettingsLogoutView.swift in Sources */ = {isa = PBXBuildFile; fileRef = DFDFA80D2BD296F400C92D9A /* SettingsLogoutView.swift */; };
		DFDFA8102BD3F81300C92D9A /* OrderModel.swift in Sources */ = {isa = PBXBuildFile; fileRef = DFDFA80F2BD3F81300C92D9A /* OrderModel.swift */; };
		DFDFA8122BD3FB8200C92D9A /* OrderData.swift in Sources */ = {isa = PBXBuildFile; fileRef = DFDFA8112BD3FB8200C92D9A /* OrderData.swift */; };
		DFDFA8142BD4291500C92D9A /* OrderRowView.swift in Sources */ = {isa = PBXBuildFile; fileRef = DFDFA8132BD4291500C92D9A /* OrderRowView.swift */; };
		DFDFA8162BD4E6E900C92D9A /* InviteView.swift in Sources */ = {isa = PBXBuildFile; fileRef = DFDFA8152BD4E6E900C92D9A /* InviteView.swift */; };
		DFDFA8182BD4EB3900C92D9A /* InviteButtonView.swift in Sources */ = {isa = PBXBuildFile; fileRef = DFDFA8172BD4EB3900C92D9A /* InviteButtonView.swift */; };
/* End PBXBuildFile section */

/* Begin PBXContainerItemProxy section */
		DFBEB8922BFE2E970049C10B /* PBXContainerItemProxy */ = {
			isa = PBXContainerItemProxy;
			containerPortal = DFBEB88D2BFE2E970049C10B /* TheTellerCheckout.xcodeproj */;
			proxyType = 2;
			remoteGlobalIDString = 1CC8621D2553283F000AA43C;
			remoteInfo = TheTellerCheckout;
		};
		DFBEB8942BFE2E970049C10B /* PBXContainerItemProxy */ = {
			isa = PBXContainerItemProxy;
			containerPortal = DFBEB88D2BFE2E970049C10B /* TheTellerCheckout.xcodeproj */;
			proxyType = 2;
			remoteGlobalIDString = 1CC862262553283F000AA43C;
			remoteInfo = TheTellerCheckoutTests;
		};
/* End PBXContainerItemProxy section */

/* Begin PBXCopyFilesBuildPhase section */
		DFBEB8982BFE2EE40049C10B /* Embed Frameworks */ = {
			isa = PBXCopyFilesBuildPhase;
			buildActionMask = 2147483647;
			dstPath = "";
			dstSubfolderSpec = 10;
			files = (
				DFBEB8972BFE2EE40049C10B /* TheTellerCheckout.framework in Embed Frameworks */,
			);
			name = "Embed Frameworks";
			runOnlyForDeploymentPostprocessing = 0;
		};
/* End PBXCopyFilesBuildPhase section */

/* Begin PBXFileReference section */
		DF48F4562BCECCF900BE2891 /* MeMaww.app */ = {isa = PBXFileReference; explicitFileType = wrapper.application; includeInIndex = 0; path = MeMaww.app; sourceTree = BUILT_PRODUCTS_DIR; };
		DF48F4592BCECCF900BE2891 /* MeMawwApp.swift */ = {isa = PBXFileReference; lastKnownFileType = sourcecode.swift; path = MeMawwApp.swift; sourceTree = "<group>"; };
		DF48F45B2BCECCF900BE2891 /* ContentView.swift */ = {isa = PBXFileReference; lastKnownFileType = sourcecode.swift; path = ContentView.swift; sourceTree = "<group>"; };
		DF48F45D2BCECD0000BE2891 /* Assets.xcassets */ = {isa = PBXFileReference; lastKnownFileType = folder.assetcatalog; path = Assets.xcassets; sourceTree = "<group>"; };
		DF48F4602BCECD0000BE2891 /* Preview Assets.xcassets */ = {isa = PBXFileReference; lastKnownFileType = folder.assetcatalog; path = "Preview Assets.xcassets"; sourceTree = "<group>"; };
		DF9F9F732BD66AFC00111DFD /* TitleRow.swift */ = {isa = PBXFileReference; lastKnownFileType = sourcecode.swift; path = TitleRow.swift; sourceTree = "<group>"; };
		DF9F9F752BD66BC200111DFD /* Message.swift */ = {isa = PBXFileReference; lastKnownFileType = sourcecode.swift; path = Message.swift; sourceTree = "<group>"; };
		DF9F9F772BD66C3300111DFD /* MessageBubble.swift */ = {isa = PBXFileReference; lastKnownFileType = sourcecode.swift; path = MessageBubble.swift; sourceTree = "<group>"; };
		DF9F9F792BD66DF400111DFD /* Extensions.swift */ = {isa = PBXFileReference; lastKnownFileType = sourcecode.swift; path = Extensions.swift; sourceTree = "<group>"; };
		DF9F9F7C2BD66EC100111DFD /* MessageField.swift */ = {isa = PBXFileReference; lastKnownFileType = sourcecode.swift; path = MessageField.swift; sourceTree = "<group>"; };
		DF9F9F7E2BD672A000111DFD /* MessagesManager.swift */ = {isa = PBXFileReference; lastKnownFileType = sourcecode.swift; path = MessagesManager.swift; sourceTree = "<group>"; };
		DF9F9F802BD67DAF00111DFD /* StartOrderView.swift */ = {isa = PBXFileReference; lastKnownFileType = sourcecode.swift; path = StartOrderView.swift; sourceTree = "<group>"; };
		DF9F9F842BD6897300111DFD /* MessageData.swift */ = {isa = PBXFileReference; lastKnownFileType = sourcecode.swift; path = MessageData.swift; sourceTree = "<group>"; };
		DF9F9F862BD9200300111DFD /* FinalPriceView.swift */ = {isa = PBXFileReference; lastKnownFileType = sourcecode.swift; path = FinalPriceView.swift; sourceTree = "<group>"; };
		DF9F9F882BD9235D00111DFD /* FinalPriceListItemView.swift */ = {isa = PBXFileReference; lastKnownFileType = sourcecode.swift; path = FinalPriceListItemView.swift; sourceTree = "<group>"; };
		DFB783CD2BCFC58D00AB4252 /* SliderCardView.swift */ = {isa = PBXFileReference; lastKnownFileType = sourcecode.swift; path = SliderCardView.swift; sourceTree = "<group>"; };
		DFB783D02BCFC62B00AB4252 /* SliderModel.swift */ = {isa = PBXFileReference; lastKnownFileType = sourcecode.swift; path = SliderModel.swift; sourceTree = "<group>"; };
		DFB783D22BCFC6BE00AB4252 /* SliderData.swift */ = {isa = PBXFileReference; lastKnownFileType = sourcecode.swift; path = SliderData.swift; sourceTree = "<group>"; };
		DFB783D42BCFC74C00AB4252 /* StartButtonView.swift */ = {isa = PBXFileReference; lastKnownFileType = sourcecode.swift; path = StartButtonView.swift; sourceTree = "<group>"; };
		DFB783D62BCFC86600AB4252 /* OnboardingView.swift */ = {isa = PBXFileReference; lastKnownFileType = sourcecode.swift; path = OnboardingView.swift; sourceTree = "<group>"; };
		DFB783DB2BCFCBE800AB4252 /* splashfont.ttf */ = {isa = PBXFileReference; lastKnownFileType = file; path = splashfont.ttf; sourceTree = "<group>"; };
		DFB783E32BCFCEA900AB4252 /* KeyboardGuardian.swift */ = {isa = PBXFileReference; lastKnownFileType = sourcecode.swift; path = KeyboardGuardian.swift; sourceTree = "<group>"; };
		DFB783E52BCFCECA00AB4252 /* KeyboardHost.swift */ = {isa = PBXFileReference; lastKnownFileType = sourcecode.swift; path = KeyboardHost.swift; sourceTree = "<group>"; };
		DFB783E72BCFCEE400AB4252 /* GeometryGetter.swift */ = {isa = PBXFileReference; lastKnownFileType = sourcecode.swift; path = GeometryGetter.swift; sourceTree = "<group>"; };
		DFB783E92BCFCEFA00AB4252 /* AdaptsToKeyboard.swift */ = {isa = PBXFileReference; lastKnownFileType = sourcecode.swift; path = AdaptsToKeyboard.swift; sourceTree = "<group>"; };
		DFB783EB2BCFD13F00AB4252 /* SignupView.swift */ = {isa = PBXFileReference; lastKnownFileType = sourcecode.swift; path = SignupView.swift; sourceTree = "<group>"; };
		DFB783ED2BCFD28000AB4252 /* MainView.swift */ = {isa = PBXFileReference; lastKnownFileType = sourcecode.swift; path = MainView.swift; sourceTree = "<group>"; };
		DFB783EF2BCFD33000AB4252 /* OrdersView.swift */ = {isa = PBXFileReference; lastKnownFileType = sourcecode.swift; path = OrdersView.swift; sourceTree = "<group>"; };
		DFB783F12BCFF83300AB4252 /* PickerTextField.swift */ = {isa = PBXFileReference; lastKnownFileType = sourcecode.swift; path = PickerTextField.swift; sourceTree = "<group>"; };
		DFB783F32BCFF87600AB4252 /* SignupActionTextsViews.swift */ = {isa = PBXFileReference; lastKnownFileType = sourcecode.swift; path = SignupActionTextsViews.swift; sourceTree = "<group>"; };
		DFBEB8882BFC6D190049C10B /* TrackProgressView.swift */ = {isa = PBXFileReference; lastKnownFileType = sourcecode.swift; path = TrackProgressView.swift; sourceTree = "<group>"; };
		DFBEB88A2BFCDF500049C10B /* CallBackRequestView.swift */ = {isa = PBXFileReference; lastKnownFileType = sourcecode.swift; path = CallBackRequestView.swift; sourceTree = "<group>"; };
		DFBEB88D2BFE2E970049C10B /* TheTellerCheckout.xcodeproj */ = {isa = PBXFileReference; lastKnownFileType = "wrapper.pb-project"; name = TheTellerCheckout.xcodeproj; path = "../../Downloads/IOS_SDK-master/TheTellerCheckout.xcodeproj"; sourceTree = "<group>"; };
		DFDFA8062BD270CB00C92D9A /* Info.plist */ = {isa = PBXFileReference; lastKnownFileType = text.plist; path = Info.plist; sourceTree = "<group>"; };
		DFDFA8072BD2889500C92D9A /* ContactUsView.swift */ = {isa = PBXFileReference; lastKnownFileType = sourcecode.swift; path = ContactUsView.swift; sourceTree = "<group>"; };
		DFDFA8092BD295AE00C92D9A /* ProfileView.swift */ = {isa = PBXFileReference; lastKnownFileType = sourcecode.swift; path = ProfileView.swift; sourceTree = "<group>"; };
		DFDFA80B2BD2960E00C92D9A /* SettingsRowView.swift */ = {isa = PBXFileReference; lastKnownFileType = sourcecode.swift; path = SettingsRowView.swift; sourceTree = "<group>"; };
		DFDFA80D2BD296F400C92D9A /* SettingsLogoutView.swift */ = {isa = PBXFileReference; lastKnownFileType = sourcecode.swift; path = SettingsLogoutView.swift; sourceTree = "<group>"; };
		DFDFA80F2BD3F81300C92D9A /* OrderModel.swift */ = {isa = PBXFileReference; lastKnownFileType = sourcecode.swift; path = OrderModel.swift; sourceTree = "<group>"; };
		DFDFA8112BD3FB8200C92D9A /* OrderData.swift */ = {isa = PBXFileReference; lastKnownFileType = sourcecode.swift; path = OrderData.swift; sourceTree = "<group>"; };
		DFDFA8132BD4291500C92D9A /* OrderRowView.swift */ = {isa = PBXFileReference; lastKnownFileType = sourcecode.swift; path = OrderRowView.swift; sourceTree = "<group>"; };
		DFDFA8152BD4E6E900C92D9A /* InviteView.swift */ = {isa = PBXFileReference; lastKnownFileType = sourcecode.swift; path = InviteView.swift; sourceTree = "<group>"; };
		DFDFA8172BD4EB3900C92D9A /* InviteButtonView.swift */ = {isa = PBXFileReference; lastKnownFileType = sourcecode.swift; path = InviteButtonView.swift; sourceTree = "<group>"; };
/* End PBXFileReference section */

/* Begin PBXFrameworksBuildPhase section */
		DF48F4532BCECCF900BE2891 /* Frameworks */ = {
			isa = PBXFrameworksBuildPhase;
			buildActionMask = 2147483647;
			files = (
				DFBEB8962BFE2EE40049C10B /* TheTellerCheckout.framework in Frameworks */,
				DFB783E12BCFCE3000AB4252 /* SwiftyJSON in Frameworks */,
			);
			runOnlyForDeploymentPostprocessing = 0;
		};
/* End PBXFrameworksBuildPhase section */

/* Begin PBXGroup section */
		DF48F44D2BCECCF900BE2891 = {
			isa = PBXGroup;
			children = (
				DF48F4582BCECCF900BE2891 /* MeMaww */,
				DF48F4572BCECCF900BE2891 /* Products */,
				DFBEB88C2BFE2E970049C10B /* Frameworks */,
			);
			sourceTree = "<group>";
		};
		DF48F4572BCECCF900BE2891 /* Products */ = {
			isa = PBXGroup;
			children = (
				DF48F4562BCECCF900BE2891 /* MeMaww.app */,
			);
			name = Products;
			sourceTree = "<group>";
		};
		DF48F4582BCECCF900BE2891 /* MeMaww */ = {
			isa = PBXGroup;
			children = (
				DFDFA8062BD270CB00C92D9A /* Info.plist */,
				DFB783E22BCFCE8700AB4252 /* Utils */,
				DFB783D82BCFCA0C00AB4252 /* Fonts */,
				DFB783CF2BCFC5FF00AB4252 /* Models */,
				DFB783CC2BCFC55A00AB4252 /* Data */,
				DFB783CB2BCFC55300AB4252 /* Views */,
				DFB783CA2BCFC53200AB4252 /* App */,
				DF48F45D2BCECD0000BE2891 /* Assets.xcassets */,
				DF48F45F2BCECD0000BE2891 /* Preview Content */,
			);
			path = MeMaww;
			sourceTree = "<group>";
		};
		DF48F45F2BCECD0000BE2891 /* Preview Content */ = {
			isa = PBXGroup;
			children = (
				DF48F4602BCECD0000BE2891 /* Preview Assets.xcassets */,
			);
			path = "Preview Content";
			sourceTree = "<group>";
		};
		DFB783CA2BCFC53200AB4252 /* App */ = {
			isa = PBXGroup;
			children = (
				DF48F45B2BCECCF900BE2891 /* ContentView.swift */,
				DF48F4592BCECCF900BE2891 /* MeMawwApp.swift */,
				DFB783D62BCFC86600AB4252 /* OnboardingView.swift */,
				DFB783EB2BCFD13F00AB4252 /* SignupView.swift */,
				DFB783ED2BCFD28000AB4252 /* MainView.swift */,
				DFB783EF2BCFD33000AB4252 /* OrdersView.swift */,
				DFDFA8072BD2889500C92D9A /* ContactUsView.swift */,
				DFDFA8092BD295AE00C92D9A /* ProfileView.swift */,
				DFDFA8152BD4E6E900C92D9A /* InviteView.swift */,
				DF9F9F802BD67DAF00111DFD /* StartOrderView.swift */,
			);
			path = App;
			sourceTree = "<group>";
		};
		DFB783CB2BCFC55300AB4252 /* Views */ = {
			isa = PBXGroup;
			children = (
				DFB783CD2BCFC58D00AB4252 /* SliderCardView.swift */,
				DFB783D42BCFC74C00AB4252 /* StartButtonView.swift */,
				DFB783F12BCFF83300AB4252 /* PickerTextField.swift */,
				DFB783F32BCFF87600AB4252 /* SignupActionTextsViews.swift */,
				DFDFA80B2BD2960E00C92D9A /* SettingsRowView.swift */,
				DFDFA80D2BD296F400C92D9A /* SettingsLogoutView.swift */,
				DFDFA8132BD4291500C92D9A /* OrderRowView.swift */,
				DFDFA8172BD4EB3900C92D9A /* InviteButtonView.swift */,
				DF9F9F732BD66AFC00111DFD /* TitleRow.swift */,
				DF9F9F772BD66C3300111DFD /* MessageBubble.swift */,
				DF9F9F7C2BD66EC100111DFD /* MessageField.swift */,
				DF9F9F862BD9200300111DFD /* FinalPriceView.swift */,
				DF9F9F882BD9235D00111DFD /* FinalPriceListItemView.swift */,
				DFBEB8882BFC6D190049C10B /* TrackProgressView.swift */,
				DFBEB88A2BFCDF500049C10B /* CallBackRequestView.swift */,
			);
			path = Views;
			sourceTree = "<group>";
		};
		DFB783CC2BCFC55A00AB4252 /* Data */ = {
			isa = PBXGroup;
			children = (
				DFB783D22BCFC6BE00AB4252 /* SliderData.swift */,
				DFDFA8112BD3FB8200C92D9A /* OrderData.swift */,
				DF9F9F842BD6897300111DFD /* MessageData.swift */,
			);
			path = Data;
			sourceTree = "<group>";
		};
		DFB783CF2BCFC5FF00AB4252 /* Models */ = {
			isa = PBXGroup;
			children = (
				DFB783D02BCFC62B00AB4252 /* SliderModel.swift */,
				DFDFA80F2BD3F81300C92D9A /* OrderModel.swift */,
				DF9F9F752BD66BC200111DFD /* Message.swift */,
			);
			path = Models;
			sourceTree = "<group>";
		};
		DFB783D82BCFCA0C00AB4252 /* Fonts */ = {
			isa = PBXGroup;
			children = (
				DFB783DB2BCFCBE800AB4252 /* splashfont.ttf */,
			);
			path = Fonts;
			sourceTree = "<group>";
		};
		DFB783E22BCFCE8700AB4252 /* Utils */ = {
			isa = PBXGroup;
			children = (
				DFB783E32BCFCEA900AB4252 /* KeyboardGuardian.swift */,
				DFB783E52BCFCECA00AB4252 /* KeyboardHost.swift */,
				DFB783E72BCFCEE400AB4252 /* GeometryGetter.swift */,
				DFB783E92BCFCEFA00AB4252 /* AdaptsToKeyboard.swift */,
				DF9F9F792BD66DF400111DFD /* Extensions.swift */,
				DF9F9F7E2BD672A000111DFD /* MessagesManager.swift */,
			);
			path = Utils;
			sourceTree = "<group>";
		};
		DFBEB88C2BFE2E970049C10B /* Frameworks */ = {
			isa = PBXGroup;
			children = (
				DFBEB88D2BFE2E970049C10B /* TheTellerCheckout.xcodeproj */,
			);
			name = Frameworks;
			sourceTree = "<group>";
		};
		DFBEB88E2BFE2E970049C10B /* Products */ = {
			isa = PBXGroup;
			children = (
				DFBEB8932BFE2E970049C10B /* TheTellerCheckout.framework */,
				DFBEB8952BFE2E970049C10B /* TheTellerCheckoutTests.xctest */,
			);
			name = Products;
			sourceTree = "<group>";
		};
/* End PBXGroup section */

/* Begin PBXNativeTarget section */
		DF48F4552BCECCF900BE2891 /* MeMaww */ = {
			isa = PBXNativeTarget;
			buildConfigurationList = DF48F4642BCECD0000BE2891 /* Build configuration list for PBXNativeTarget "MeMaww" */;
			buildPhases = (
				DF48F4522BCECCF900BE2891 /* Sources */,
				DF48F4532BCECCF900BE2891 /* Frameworks */,
				DF48F4542BCECCF900BE2891 /* Resources */,
				DFBEB8982BFE2EE40049C10B /* Embed Frameworks */,
			);
			buildRules = (
			);
			dependencies = (
			);
			name = MeMaww;
			packageProductDependencies = (
				DFB783E02BCFCE3000AB4252 /* SwiftyJSON */,
			);
			productName = MeMaww;
			productReference = DF48F4562BCECCF900BE2891 /* MeMaww.app */;
			productType = "com.apple.product-type.application";
		};
/* End PBXNativeTarget section */

/* Begin PBXProject section */
		DF48F44E2BCECCF900BE2891 /* Project object */ = {
			isa = PBXProject;
			attributes = {
				BuildIndependentTargetsInParallel = 1;
				LastSwiftUpdateCheck = 1340;
				LastUpgradeCheck = 1340;
				TargetAttributes = {
					DF48F4552BCECCF900BE2891 = {
						CreatedOnToolsVersion = 13.4.1;
					};
				};
			};
			buildConfigurationList = DF48F4512BCECCF900BE2891 /* Build configuration list for PBXProject "MeMaww" */;
			compatibilityVersion = "Xcode 13.0";
			developmentRegion = en;
			hasScannedForEncodings = 0;
			knownRegions = (
				en,
				Base,
			);
			mainGroup = DF48F44D2BCECCF900BE2891;
			packageReferences = (
				DFB783DF2BCFCE3000AB4252 /* XCRemoteSwiftPackageReference "SwiftyJSON" */,
			);
			productRefGroup = DF48F4572BCECCF900BE2891 /* Products */;
			projectDirPath = "";
			projectReferences = (
				{
					ProductGroup = DFBEB88E2BFE2E970049C10B /* Products */;
					ProjectRef = DFBEB88D2BFE2E970049C10B /* TheTellerCheckout.xcodeproj */;
				},
			);
			projectRoot = "";
			targets = (
				DF48F4552BCECCF900BE2891 /* MeMaww */,
			);
		};
/* End PBXProject section */

/* Begin PBXReferenceProxy section */
		DFBEB8932BFE2E970049C10B /* TheTellerCheckout.framework */ = {
			isa = PBXReferenceProxy;
			fileType = wrapper.framework;
			path = TheTellerCheckout.framework;
			remoteRef = DFBEB8922BFE2E970049C10B /* PBXContainerItemProxy */;
			sourceTree = BUILT_PRODUCTS_DIR;
		};
		DFBEB8952BFE2E970049C10B /* TheTellerCheckoutTests.xctest */ = {
			isa = PBXReferenceProxy;
			fileType = wrapper.cfbundle;
			path = TheTellerCheckoutTests.xctest;
			remoteRef = DFBEB8942BFE2E970049C10B /* PBXContainerItemProxy */;
			sourceTree = BUILT_PRODUCTS_DIR;
		};
/* End PBXReferenceProxy section */

/* Begin PBXResourcesBuildPhase section */
		DF48F4542BCECCF900BE2891 /* Resources */ = {
			isa = PBXResourcesBuildPhase;
			buildActionMask = 2147483647;
			files = (
				DFB783DC2BCFCBE800AB4252 /* splashfont.ttf in Resources */,
				DF48F4612BCECD0000BE2891 /* Preview Assets.xcassets in Resources */,
				DF48F45E2BCECD0000BE2891 /* Assets.xcassets in Resources */,
			);
			runOnlyForDeploymentPostprocessing = 0;
		};
/* End PBXResourcesBuildPhase section */

/* Begin PBXSourcesBuildPhase section */
		DF48F4522BCECCF900BE2891 /* Sources */ = {
			isa = PBXSourcesBuildPhase;
			buildActionMask = 2147483647;
			files = (
				DFB783EE2BCFD28000AB4252 /* MainView.swift in Sources */,
				DF9F9F742BD66AFC00111DFD /* TitleRow.swift in Sources */,
				DFB783E42BCFCEA900AB4252 /* KeyboardGuardian.swift in Sources */,
				DFBEB8892BFC6D190049C10B /* TrackProgressView.swift in Sources */,
				DF9F9F782BD66C3300111DFD /* MessageBubble.swift in Sources */,
				DFB783EA2BCFCEFA00AB4252 /* AdaptsToKeyboard.swift in Sources */,
				DF9F9F872BD9200300111DFD /* FinalPriceView.swift in Sources */,
				DFDFA80E2BD296F400C92D9A /* SettingsLogoutView.swift in Sources */,
				DFB783D12BCFC62B00AB4252 /* SliderModel.swift in Sources */,
				DF9F9F7A2BD66DF400111DFD /* Extensions.swift in Sources */,
				DFB783F02BCFD33000AB4252 /* OrdersView.swift in Sources */,
				DF48F45C2BCECCF900BE2891 /* ContentView.swift in Sources */,
				DFB783F22BCFF83300AB4252 /* PickerTextField.swift in Sources */,
				DF9F9F7F2BD672A000111DFD /* MessagesManager.swift in Sources */,
				DFB783E62BCFCECA00AB4252 /* KeyboardHost.swift in Sources */,
				DFB783D32BCFC6BE00AB4252 /* SliderData.swift in Sources */,
				DFBEB88B2BFCDF500049C10B /* CallBackRequestView.swift in Sources */,
				DFDFA8182BD4EB3900C92D9A /* InviteButtonView.swift in Sources */,
				DFB783D52BCFC74C00AB4252 /* StartButtonView.swift in Sources */,
				DFDFA8142BD4291500C92D9A /* OrderRowView.swift in Sources */,
				DFDFA8082BD2889500C92D9A /* ContactUsView.swift in Sources */,
				DFDFA8162BD4E6E900C92D9A /* InviteView.swift in Sources */,
				DFDFA80C2BD2960E00C92D9A /* SettingsRowView.swift in Sources */,
				DF9F9F812BD67DAF00111DFD /* StartOrderView.swift in Sources */,
				DFB783F42BCFF87600AB4252 /* SignupActionTextsViews.swift in Sources */,
				DF9F9F852BD6897300111DFD /* MessageData.swift in Sources */,
				DFDFA8122BD3FB8200C92D9A /* OrderData.swift in Sources */,
				DFB783E82BCFCEE400AB4252 /* GeometryGetter.swift in Sources */,
				DF9F9F7D2BD66EC100111DFD /* MessageField.swift in Sources */,
				DF48F45A2BCECCF900BE2891 /* MeMawwApp.swift in Sources */,
				DF9F9F762BD66BC200111DFD /* Message.swift in Sources */,
				DFB783EC2BCFD13F00AB4252 /* SignupView.swift in Sources */,
				DFDFA80A2BD295AE00C92D9A /* ProfileView.swift in Sources */,
				DF9F9F892BD9235D00111DFD /* FinalPriceListItemView.swift in Sources */,
				DFB783CE2BCFC58D00AB4252 /* SliderCardView.swift in Sources */,
				DFDFA8102BD3F81300C92D9A /* OrderModel.swift in Sources */,
				DFB783D72BCFC86600AB4252 /* OnboardingView.swift in Sources */,
			);
			runOnlyForDeploymentPostprocessing = 0;
		};
/* End PBXSourcesBuildPhase section */

/* Begin XCBuildConfiguration section */
		DF48F4622BCECD0000BE2891 /* Debug */ = {
			isa = XCBuildConfiguration;
			buildSettings = {
				ALWAYS_SEARCH_USER_PATHS = NO;
				CLANG_ANALYZER_NONNULL = YES;
				CLANG_ANALYZER_NUMBER_OBJECT_CONVERSION = YES_AGGRESSIVE;
				CLANG_CXX_LANGUAGE_STANDARD = "gnu++17";
				CLANG_ENABLE_MODULES = YES;
				CLANG_ENABLE_OBJC_ARC = YES;
				CLANG_ENABLE_OBJC_WEAK = YES;
				CLANG_WARN_BLOCK_CAPTURE_AUTORELEASING = YES;
				CLANG_WARN_BOOL_CONVERSION = YES;
				CLANG_WARN_COMMA = YES;
				CLANG_WARN_CONSTANT_CONVERSION = YES;
				CLANG_WARN_DEPRECATED_OBJC_IMPLEMENTATIONS = YES;
				CLANG_WARN_DIRECT_OBJC_ISA_USAGE = YES_ERROR;
				CLANG_WARN_DOCUMENTATION_COMMENTS = YES;
				CLANG_WARN_EMPTY_BODY = YES;
				CLANG_WARN_ENUM_CONVERSION = YES;
				CLANG_WARN_INFINITE_RECURSION = YES;
				CLANG_WARN_INT_CONVERSION = YES;
				CLANG_WARN_NON_LITERAL_NULL_CONVERSION = YES;
				CLANG_WARN_OBJC_IMPLICIT_RETAIN_SELF = YES;
				CLANG_WARN_OBJC_LITERAL_CONVERSION = YES;
				CLANG_WARN_OBJC_ROOT_CLASS = YES_ERROR;
				CLANG_WARN_QUOTED_INCLUDE_IN_FRAMEWORK_HEADER = YES;
				CLANG_WARN_RANGE_LOOP_ANALYSIS = YES;
				CLANG_WARN_STRICT_PROTOTYPES = YES;
				CLANG_WARN_SUSPICIOUS_MOVE = YES;
				CLANG_WARN_UNGUARDED_AVAILABILITY = YES_AGGRESSIVE;
				CLANG_WARN_UNREACHABLE_CODE = YES;
				CLANG_WARN__DUPLICATE_METHOD_MATCH = YES;
				COPY_PHASE_STRIP = NO;
				DEBUG_INFORMATION_FORMAT = dwarf;
				ENABLE_STRICT_OBJC_MSGSEND = YES;
				ENABLE_TESTABILITY = YES;
				GCC_C_LANGUAGE_STANDARD = gnu11;
				GCC_DYNAMIC_NO_PIC = NO;
				GCC_NO_COMMON_BLOCKS = YES;
				GCC_OPTIMIZATION_LEVEL = 0;
				GCC_PREPROCESSOR_DEFINITIONS = (
					"DEBUG=1",
					"$(inherited)",
				);
				GCC_WARN_64_TO_32_BIT_CONVERSION = YES;
				GCC_WARN_ABOUT_RETURN_TYPE = YES_ERROR;
				GCC_WARN_UNDECLARED_SELECTOR = YES;
				GCC_WARN_UNINITIALIZED_AUTOS = YES_AGGRESSIVE;
				GCC_WARN_UNUSED_FUNCTION = YES;
				GCC_WARN_UNUSED_VARIABLE = YES;
				INFOPLIST_KEY_CLKComplicationPrincipalClass = "";
				INFOPLIST_KEY_UIApplicationSceneManifest_Generation = NO;
				IPHONEOS_DEPLOYMENT_TARGET = 15.5;
				MTL_ENABLE_DEBUG_INFO = INCLUDE_SOURCE;
				MTL_FAST_MATH = YES;
				NEW_SETTING = "";
				ONLY_ACTIVE_ARCH = YES;
				SDKROOT = iphoneos;
				SWIFT_ACTIVE_COMPILATION_CONDITIONS = DEBUG;
				SWIFT_OPTIMIZATION_LEVEL = "-Onone";
			};
			name = Debug;
		};
		DF48F4632BCECD0000BE2891 /* Release */ = {
			isa = XCBuildConfiguration;
			buildSettings = {
				ALWAYS_SEARCH_USER_PATHS = NO;
				CLANG_ANALYZER_NONNULL = YES;
				CLANG_ANALYZER_NUMBER_OBJECT_CONVERSION = YES_AGGRESSIVE;
				CLANG_CXX_LANGUAGE_STANDARD = "gnu++17";
				CLANG_ENABLE_MODULES = YES;
				CLANG_ENABLE_OBJC_ARC = YES;
				CLANG_ENABLE_OBJC_WEAK = YES;
				CLANG_WARN_BLOCK_CAPTURE_AUTORELEASING = YES;
				CLANG_WARN_BOOL_CONVERSION = YES;
				CLANG_WARN_COMMA = YES;
				CLANG_WARN_CONSTANT_CONVERSION = YES;
				CLANG_WARN_DEPRECATED_OBJC_IMPLEMENTATIONS = YES;
				CLANG_WARN_DIRECT_OBJC_ISA_USAGE = YES_ERROR;
				CLANG_WARN_DOCUMENTATION_COMMENTS = YES;
				CLANG_WARN_EMPTY_BODY = YES;
				CLANG_WARN_ENUM_CONVERSION = YES;
				CLANG_WARN_INFINITE_RECURSION = YES;
				CLANG_WARN_INT_CONVERSION = YES;
				CLANG_WARN_NON_LITERAL_NULL_CONVERSION = YES;
				CLANG_WARN_OBJC_IMPLICIT_RETAIN_SELF = YES;
				CLANG_WARN_OBJC_LITERAL_CONVERSION = YES;
				CLANG_WARN_OBJC_ROOT_CLASS = YES_ERROR;
				CLANG_WARN_QUOTED_INCLUDE_IN_FRAMEWORK_HEADER = YES;
				CLANG_WARN_RANGE_LOOP_ANALYSIS = YES;
				CLANG_WARN_STRICT_PROTOTYPES = YES;
				CLANG_WARN_SUSPICIOUS_MOVE = YES;
				CLANG_WARN_UNGUARDED_AVAILABILITY = YES_AGGRESSIVE;
				CLANG_WARN_UNREACHABLE_CODE = YES;
				CLANG_WARN__DUPLICATE_METHOD_MATCH = YES;
				COPY_PHASE_STRIP = NO;
				DEBUG_INFORMATION_FORMAT = "dwarf-with-dsym";
				ENABLE_NS_ASSERTIONS = NO;
				ENABLE_STRICT_OBJC_MSGSEND = YES;
				GCC_C_LANGUAGE_STANDARD = gnu11;
				GCC_NO_COMMON_BLOCKS = YES;
				GCC_WARN_64_TO_32_BIT_CONVERSION = YES;
				GCC_WARN_ABOUT_RETURN_TYPE = YES_ERROR;
				GCC_WARN_UNDECLARED_SELECTOR = YES;
				GCC_WARN_UNINITIALIZED_AUTOS = YES_AGGRESSIVE;
				GCC_WARN_UNUSED_FUNCTION = YES;
				GCC_WARN_UNUSED_VARIABLE = YES;
				INFOPLIST_KEY_CLKComplicationPrincipalClass = "";
				INFOPLIST_KEY_UIApplicationSceneManifest_Generation = NO;
				IPHONEOS_DEPLOYMENT_TARGET = 15.5;
				MTL_ENABLE_DEBUG_INFO = NO;
				MTL_FAST_MATH = YES;
				NEW_SETTING = "";
				SDKROOT = iphoneos;
				SWIFT_COMPILATION_MODE = wholemodule;
				SWIFT_OPTIMIZATION_LEVEL = "-O";
				VALIDATE_PRODUCT = YES;
			};
			name = Release;
		};
		DF48F4652BCECD0000BE2891 /* Debug */ = {
			isa = XCBuildConfiguration;
			buildSettings = {
				ASSETCATALOG_COMPILER_APPICON_NAME = AppIcon;
				ASSETCATALOG_COMPILER_GLOBAL_ACCENT_COLOR_NAME = AccentColor;
				CODE_SIGN_STYLE = Automatic;
				CURRENT_PROJECT_VERSION = 1;
				DEVELOPMENT_ASSET_PATHS = "\"MeMaww/Preview Content\"";
				DEVELOPMENT_TEAM = KKAB9F5U6V;
				ENABLE_PREVIEWS = YES;
				GENERATE_INFOPLIST_FILE = YES;
				INFOPLIST_FILE = MeMaww/Info.plist;
				INFOPLIST_KEY_CLKComplicationPrincipalClass = "";
				INFOPLIST_KEY_UIApplicationSceneManifest_Generation = YES;
				INFOPLIST_KEY_UIApplicationSupportsIndirectInputEvents = YES;
				INFOPLIST_KEY_UILaunchScreen_Generation = YES;
				INFOPLIST_KEY_UISupportedInterfaceOrientations = UIInterfaceOrientationPortrait;
				INFOPLIST_KEY_UISupportedInterfaceOrientations_iPad = "UIInterfaceOrientationPortrait UIInterfaceOrientationPortraitUpsideDown UIInterfaceOrientationLandscapeLeft UIInterfaceOrientationLandscapeRight";
				INFOPLIST_KEY_UISupportedInterfaceOrientations_iPhone = "UIInterfaceOrientationPortrait UIInterfaceOrientationLandscapeLeft UIInterfaceOrientationLandscapeRight";
				LD_RUNPATH_SEARCH_PATHS = (
					"$(inherited)",
					"@executable_path/Frameworks",
				);
				MARKETING_VERSION = 1.0;
				PRODUCT_BUNDLE_IDENTIFIER = com.memaww.MeMaww;
				PRODUCT_NAME = "$(TARGET_NAME)";
				SWIFT_EMIT_LOC_STRINGS = YES;
				SWIFT_VERSION = 5.0;
				TARGETED_DEVICE_FAMILY = "1,2";
			};
			name = Debug;
		};
		DF48F4662BCECD0000BE2891 /* Release */ = {
			isa = XCBuildConfiguration;
			buildSettings = {
				ASSETCATALOG_COMPILER_APPICON_NAME = AppIcon;
				ASSETCATALOG_COMPILER_GLOBAL_ACCENT_COLOR_NAME = AccentColor;
				CODE_SIGN_STYLE = Automatic;
				CURRENT_PROJECT_VERSION = 1;
				DEVELOPMENT_ASSET_PATHS = "\"MeMaww/Preview Content\"";
				DEVELOPMENT_TEAM = KKAB9F5U6V;
				ENABLE_PREVIEWS = YES;
				GENERATE_INFOPLIST_FILE = YES;
				INFOPLIST_FILE = MeMaww/Info.plist;
				INFOPLIST_KEY_CLKComplicationPrincipalClass = "";
				INFOPLIST_KEY_UIApplicationSceneManifest_Generation = YES;
				INFOPLIST_KEY_UIApplicationSupportsIndirectInputEvents = YES;
				INFOPLIST_KEY_UILaunchScreen_Generation = YES;
				INFOPLIST_KEY_UISupportedInterfaceOrientations = UIInterfaceOrientationPortrait;
				INFOPLIST_KEY_UISupportedInterfaceOrientations_iPad = "UIInterfaceOrientationPortrait UIInterfaceOrientationPortraitUpsideDown UIInterfaceOrientationLandscapeLeft UIInterfaceOrientationLandscapeRight";
				INFOPLIST_KEY_UISupportedInterfaceOrientations_iPhone = "UIInterfaceOrientationPortrait UIInterfaceOrientationLandscapeLeft UIInterfaceOrientationLandscapeRight";
				LD_RUNPATH_SEARCH_PATHS = (
					"$(inherited)",
					"@executable_path/Frameworks",
				);
				MARKETING_VERSION = 1.0;
				PRODUCT_BUNDLE_IDENTIFIER = com.memaww.MeMaww;
				PRODUCT_NAME = "$(TARGET_NAME)";
				SWIFT_EMIT_LOC_STRINGS = YES;
				SWIFT_VERSION = 5.0;
				TARGETED_DEVICE_FAMILY = "1,2";
			};
			name = Release;
		};
/* End XCBuildConfiguration section */

/* Begin XCConfigurationList section */
		DF48F4512BCECCF900BE2891 /* Build configuration list for PBXProject "MeMaww" */ = {
			isa = XCConfigurationList;
			buildConfigurations = (
				DF48F4622BCECD0000BE2891 /* Debug */,
				DF48F4632BCECD0000BE2891 /* Release */,
			);
			defaultConfigurationIsVisible = 0;
			defaultConfigurationName = Release;
		};
		DF48F4642BCECD0000BE2891 /* Build configuration list for PBXNativeTarget "MeMaww" */ = {
			isa = XCConfigurationList;
			buildConfigurations = (
				DF48F4652BCECD0000BE2891 /* Debug */,
				DF48F4662BCECD0000BE2891 /* Release */,
			);
			defaultConfigurationIsVisible = 0;
			defaultConfigurationName = Release;
		};
/* End XCConfigurationList section */

/* Begin XCRemoteSwiftPackageReference section */
		DFB783DF2BCFCE3000AB4252 /* XCRemoteSwiftPackageReference "SwiftyJSON" */ = {
			isa = XCRemoteSwiftPackageReference;
			repositoryURL = "https://github.com/SwiftyJSON/SwiftyJSON.git";
			requirement = {
				kind = exactVersion;
				version = 5.0.2;
			};
		};
/* End XCRemoteSwiftPackageReference section */

/* Begin XCSwiftPackageProductDependency section */
		DFB783E02BCFCE3000AB4252 /* SwiftyJSON */ = {
			isa = XCSwiftPackageProductDependency;
			package = DFB783DF2BCFCE3000AB4252 /* XCRemoteSwiftPackageReference "SwiftyJSON" */;
			productName = SwiftyJSON;
		};
/* End XCSwiftPackageProductDependency section */
	};
	rootObject = DF48F44E2BCECCF900BE2891 /* Project object */;
}
